
Microsoft Visual Studio Solution File, Format Version 12.00
# Visual Studio Version 17
VisualStudioVersion = 17.0.31912.275
MinimumVisualStudioVersion = 10.0.40219.1
Project("{9A19103F-16F7-4668-BE54-9A1E7A4F7556}") = "SantasToolbox", "SantasToolbox\SantasToolbox.csproj", "{460D6357-486B-48A0-A952-A7015BFCB906}"
EndProject
Project("{9A19103F-16F7-4668-BE54-9A1E7A4F7556}") = "SantasToolBoxTests", "SantasToolBoxTests\SantasToolBoxTests.csproj", "{29B87691-90DB-41C8-9D19-4B8EE5D9741C}"
EndProject
Project("{9A19103F-16F7-4668-BE54-9A1E7A4F7556}") = "Day_Template", "Day_Template\Day_Template.csproj", "{5BDABAFF-024D-45D2-BEF1-82AA17850418}"
EndProject
Project("{FAE04EC0-301F-11D3-BF4B-00C04F79EFBC}") = "Day_1", "Day_1\Day_1.csproj", "{16F964B7-40E4-427C-9AD3-E2612A4E9A08}"
EndProject
Project("{FAE04EC0-301F-11D3-BF4B-00C04F79EFBC}") = "Day_2", "Day_2\Day_2.csproj", "{E1793E98-4244-4FAF-BC73-C0B936594244}"
EndProject
Project("{FAE04EC0-301F-11D3-BF4B-00C04F79EFBC}") = "Day_3", "Day_3\Day_3.csproj", "{BD063984-CC8C-4968-A296-EA685C94F821}"
EndProject
Project("{FAE04EC0-301F-11D3-BF4B-00C04F79EFBC}") = "Day_4", "Day_4\Day_4.csproj", "{6252D282-2027-4954-9113-5CEEDCBFBCBF}"
EndProject
Project("{FAE04EC0-301F-11D3-BF4B-00C04F79EFBC}") = "Day_5", "Day_5\Day_5.csproj", "{CDA928C6-233B-4B9B-B062-00C5CE5269F8}"
EndProject
Project("{FAE04EC0-301F-11D3-BF4B-00C04F79EFBC}") = "Day_6", "Day_6\Day_6.csproj", "{56B35318-20B5-4989-A6FF-60E74FAFF6CC}"
EndProject
Project("{FAE04EC0-301F-11D3-BF4B-00C04F79EFBC}") = "Day_7", "Day_7\Day_7.csproj", "{8830D02E-4844-42CA-B3BA-0D7F763DCBCE}"
EndProject
Project("{FAE04EC0-301F-11D3-BF4B-00C04F79EFBC}") = "Day_8", "Day_8\Day_8.csproj", "{BEFEBE75-A60D-4899-B664-E5A8A7392C9E}"
EndProject
Project("{FAE04EC0-301F-11D3-BF4B-00C04F79EFBC}") = "Day_9", "Day_9\Day_9.csproj", "{5050346F-D4CA-453C-AC58-F78A55B411DC}"
EndProject
Project("{FAE04EC0-301F-11D3-BF4B-00C04F79EFBC}") = "Day_10", "Day_10\Day_10.csproj", "{1A92E0AF-461E-4B36-A60B-20ACB06D5788}"
EndProject
Project("{FAE04EC0-301F-11D3-BF4B-00C04F79EFBC}") = "Day_11", "Day_11\Day_11.csproj", "{AD58C698-20B4-46E7-8CD7-D8C2E5D679BF}"
EndProject
Project("{FAE04EC0-301F-11D3-BF4B-00C04F79EFBC}") = "Day_13", "Day_13\Day_13.csproj", "{1BC584AD-0B70-4091-8483-3DCC78D37370}"
EndProject
Project("{FAE04EC0-301F-11D3-BF4B-00C04F79EFBC}") = "Day_14", "Day_14\Day_14.csproj", "{29D60134-AF05-4937-80A1-3772CD568E00}"
EndProject
Project("{FAE04EC0-301F-11D3-BF4B-00C04F79EFBC}") = "Day_15", "Day_15\Day_15.csproj", "{E2407856-D9A7-45D6-AD86-8627A6D44D7C}"
EndProject
Project("{FAE04EC0-301F-11D3-BF4B-00C04F79EFBC}") = "Day_12", "Day_12\Day_12.csproj", "{109160D2-71CE-498D-A231-577C2DFBCF1A}"
EndProject
Project("{FAE04EC0-301F-11D3-BF4B-00C04F79EFBC}") = "Day_16", "Day_16\Day_16.csproj", "{6CF8785D-3D65-45CF-9A95-30057E1BBF82}"
EndProject
Project("{FAE04EC0-301F-11D3-BF4B-00C04F79EFBC}") = "Day_17", "Day_17\Day_17.csproj", "{D5683413-A7EB-4ADA-8D35-DB9C6733699F}"
EndProject
Project("{FAE04EC0-301F-11D3-BF4B-00C04F79EFBC}") = "Day_18", "Day_18\Day_18.csproj", "{267EBB85-7590-490A-9024-4D33797680EF}"
EndProject
Project("{FAE04EC0-301F-11D3-BF4B-00C04F79EFBC}") = "Day_19", "Day_19\Day_19.csproj", "{78E2771F-4236-4696-AA43-DEBB2A3601E4}"
EndProject
Project("{FAE04EC0-301F-11D3-BF4B-00C04F79EFBC}") = "Day_20", "Day_20\Day_20.csproj", "{C56D0663-73DC-4009-8DDC-1D8A50A9B20C}"
EndProject
Project("{FAE04EC0-301F-11D3-BF4B-00C04F79EFBC}") = "Day_22", "Day_22\Day_22.csproj", "{F8BE8BB5-5851-4D44-A974-3ABC91F06831}"
EndProject
Project("{FAE04EC0-301F-11D3-BF4B-00C04F79EFBC}") = "Day_23", "Day_23\Day_23.csproj", "{402AD03D-6F45-4D99-A0DD-016D5450E4EE}"
EndProject
Project("{FAE04EC0-301F-11D3-BF4B-00C04F79EFBC}") = "Day_24", "Day_24\Day_24.csproj", "{0E6139E1-A072-43EB-995D-BD90B117EC7C}"
EndProject
Global
	GlobalSection(SolutionConfigurationPlatforms) = preSolution
		Debug|Any CPU = Debug|Any CPU
		Release|Any CPU = Release|Any CPU
	EndGlobalSection
	GlobalSection(ProjectConfigurationPlatforms) = postSolution
		{460D6357-486B-48A0-A952-A7015BFCB906}.Debug|Any CPU.ActiveCfg = Debug|Any CPU
		{460D6357-486B-48A0-A952-A7015BFCB906}.Debug|Any CPU.Build.0 = Debug|Any CPU
		{460D6357-486B-48A0-A952-A7015BFCB906}.Release|Any CPU.ActiveCfg = Release|Any CPU
		{460D6357-486B-48A0-A952-A7015BFCB906}.Release|Any CPU.Build.0 = Release|Any CPU
		{29B87691-90DB-41C8-9D19-4B8EE5D9741C}.Debug|Any CPU.ActiveCfg = Debug|Any CPU
		{29B87691-90DB-41C8-9D19-4B8EE5D9741C}.Debug|Any CPU.Build.0 = Debug|Any CPU
		{29B87691-90DB-41C8-9D19-4B8EE5D9741C}.Release|Any CPU.ActiveCfg = Release|Any CPU
		{29B87691-90DB-41C8-9D19-4B8EE5D9741C}.Release|Any CPU.Build.0 = Release|Any CPU
		{5BDABAFF-024D-45D2-BEF1-82AA17850418}.Debug|Any CPU.ActiveCfg = Debug|Any CPU
		{5BDABAFF-024D-45D2-BEF1-82AA17850418}.Debug|Any CPU.Build.0 = Debug|Any CPU
		{5BDABAFF-024D-45D2-BEF1-82AA17850418}.Release|Any CPU.ActiveCfg = Release|Any CPU
		{5BDABAFF-024D-45D2-BEF1-82AA17850418}.Release|Any CPU.Build.0 = Release|Any CPU
		{16F964B7-40E4-427C-9AD3-E2612A4E9A08}.Debug|Any CPU.ActiveCfg = Debug|Any CPU
		{16F964B7-40E4-427C-9AD3-E2612A4E9A08}.Debug|Any CPU.Build.0 = Debug|Any CPU
		{16F964B7-40E4-427C-9AD3-E2612A4E9A08}.Release|Any CPU.ActiveCfg = Release|Any CPU
		{16F964B7-40E4-427C-9AD3-E2612A4E9A08}.Release|Any CPU.Build.0 = Release|Any CPU
		{E1793E98-4244-4FAF-BC73-C0B936594244}.Debug|Any CPU.ActiveCfg = Debug|Any CPU
		{E1793E98-4244-4FAF-BC73-C0B936594244}.Debug|Any CPU.Build.0 = Debug|Any CPU
		{E1793E98-4244-4FAF-BC73-C0B936594244}.Release|Any CPU.ActiveCfg = Release|Any CPU
		{E1793E98-4244-4FAF-BC73-C0B936594244}.Release|Any CPU.Build.0 = Release|Any CPU
		{BD063984-CC8C-4968-A296-EA685C94F821}.Debug|Any CPU.ActiveCfg = Debug|Any CPU
		{BD063984-CC8C-4968-A296-EA685C94F821}.Debug|Any CPU.Build.0 = Debug|Any CPU
		{BD063984-CC8C-4968-A296-EA685C94F821}.Release|Any CPU.ActiveCfg = Release|Any CPU
		{BD063984-CC8C-4968-A296-EA685C94F821}.Release|Any CPU.Build.0 = Release|Any CPU
		{6252D282-2027-4954-9113-5CEEDCBFBCBF}.Debug|Any CPU.ActiveCfg = Debug|Any CPU
		{6252D282-2027-4954-9113-5CEEDCBFBCBF}.Debug|Any CPU.Build.0 = Debug|Any CPU
		{6252D282-2027-4954-9113-5CEEDCBFBCBF}.Release|Any CPU.ActiveCfg = Release|Any CPU
		{6252D282-2027-4954-9113-5CEEDCBFBCBF}.Release|Any CPU.Build.0 = Release|Any CPU
		{CDA928C6-233B-4B9B-B062-00C5CE5269F8}.Debug|Any CPU.ActiveCfg = Debug|Any CPU
		{CDA928C6-233B-4B9B-B062-00C5CE5269F8}.Debug|Any CPU.Build.0 = Debug|Any CPU
		{CDA928C6-233B-4B9B-B062-00C5CE5269F8}.Release|Any CPU.ActiveCfg = Release|Any CPU
		{CDA928C6-233B-4B9B-B062-00C5CE5269F8}.Release|Any CPU.Build.0 = Release|Any CPU
		{56B35318-20B5-4989-A6FF-60E74FAFF6CC}.Debug|Any CPU.ActiveCfg = Debug|Any CPU
		{56B35318-20B5-4989-A6FF-60E74FAFF6CC}.Debug|Any CPU.Build.0 = Debug|Any CPU
		{56B35318-20B5-4989-A6FF-60E74FAFF6CC}.Release|Any CPU.ActiveCfg = Release|Any CPU
		{56B35318-20B5-4989-A6FF-60E74FAFF6CC}.Release|Any CPU.Build.0 = Release|Any CPU
		{8830D02E-4844-42CA-B3BA-0D7F763DCBCE}.Debug|Any CPU.ActiveCfg = Debug|Any CPU
		{8830D02E-4844-42CA-B3BA-0D7F763DCBCE}.Debug|Any CPU.Build.0 = Debug|Any CPU
		{8830D02E-4844-42CA-B3BA-0D7F763DCBCE}.Release|Any CPU.ActiveCfg = Release|Any CPU
		{8830D02E-4844-42CA-B3BA-0D7F763DCBCE}.Release|Any CPU.Build.0 = Release|Any CPU
		{BEFEBE75-A60D-4899-B664-E5A8A7392C9E}.Debug|Any CPU.ActiveCfg = Debug|Any CPU
		{BEFEBE75-A60D-4899-B664-E5A8A7392C9E}.Debug|Any CPU.Build.0 = Debug|Any CPU
		{BEFEBE75-A60D-4899-B664-E5A8A7392C9E}.Release|Any CPU.ActiveCfg = Release|Any CPU
		{BEFEBE75-A60D-4899-B664-E5A8A7392C9E}.Release|Any CPU.Build.0 = Release|Any CPU
		{5050346F-D4CA-453C-AC58-F78A55B411DC}.Debug|Any CPU.ActiveCfg = Debug|Any CPU
		{5050346F-D4CA-453C-AC58-F78A55B411DC}.Debug|Any CPU.Build.0 = Debug|Any CPU
		{5050346F-D4CA-453C-AC58-F78A55B411DC}.Release|Any CPU.ActiveCfg = Release|Any CPU
		{5050346F-D4CA-453C-AC58-F78A55B411DC}.Release|Any CPU.Build.0 = Release|Any CPU
		{1A92E0AF-461E-4B36-A60B-20ACB06D5788}.Debug|Any CPU.ActiveCfg = Debug|Any CPU
		{1A92E0AF-461E-4B36-A60B-20ACB06D5788}.Debug|Any CPU.Build.0 = Debug|Any CPU
		{1A92E0AF-461E-4B36-A60B-20ACB06D5788}.Release|Any CPU.ActiveCfg = Release|Any CPU
		{1A92E0AF-461E-4B36-A60B-20ACB06D5788}.Release|Any CPU.Build.0 = Release|Any CPU
		{AD58C698-20B4-46E7-8CD7-D8C2E5D679BF}.Debug|Any CPU.ActiveCfg = Debug|Any CPU
		{AD58C698-20B4-46E7-8CD7-D8C2E5D679BF}.Debug|Any CPU.Build.0 = Debug|Any CPU
		{AD58C698-20B4-46E7-8CD7-D8C2E5D679BF}.Release|Any CPU.ActiveCfg = Release|Any CPU
		{AD58C698-20B4-46E7-8CD7-D8C2E5D679BF}.Release|Any CPU.Build.0 = Release|Any CPU
		{1BC584AD-0B70-4091-8483-3DCC78D37370}.Debug|Any CPU.ActiveCfg = Debug|Any CPU
		{1BC584AD-0B70-4091-8483-3DCC78D37370}.Debug|Any CPU.Build.0 = Debug|Any CPU
		{1BC584AD-0B70-4091-8483-3DCC78D37370}.Release|Any CPU.ActiveCfg = Release|Any CPU
		{1BC584AD-0B70-4091-8483-3DCC78D37370}.Release|Any CPU.Build.0 = Release|Any CPU
		{29D60134-AF05-4937-80A1-3772CD568E00}.Debug|Any CPU.ActiveCfg = Debug|Any CPU
		{29D60134-AF05-4937-80A1-3772CD568E00}.Debug|Any CPU.Build.0 = Debug|Any CPU
		{29D60134-AF05-4937-80A1-3772CD568E00}.Release|Any CPU.ActiveCfg = Release|Any CPU
		{29D60134-AF05-4937-80A1-3772CD568E00}.Release|Any CPU.Build.0 = Release|Any CPU
		{E2407856-D9A7-45D6-AD86-8627A6D44D7C}.Debug|Any CPU.ActiveCfg = Debug|Any CPU
		{E2407856-D9A7-45D6-AD86-8627A6D44D7C}.Debug|Any CPU.Build.0 = Debug|Any CPU
		{E2407856-D9A7-45D6-AD86-8627A6D44D7C}.Release|Any CPU.ActiveCfg = Release|Any CPU
		{E2407856-D9A7-45D6-AD86-8627A6D44D7C}.Release|Any CPU.Build.0 = Release|Any CPU
		{109160D2-71CE-498D-A231-577C2DFBCF1A}.Debug|Any CPU.ActiveCfg = Debug|Any CPU
		{109160D2-71CE-498D-A231-577C2DFBCF1A}.Debug|Any CPU.Build.0 = Debug|Any CPU
		{109160D2-71CE-498D-A231-577C2DFBCF1A}.Release|Any CPU.ActiveCfg = Release|Any CPU
		{109160D2-71CE-498D-A231-577C2DFBCF1A}.Release|Any CPU.Build.0 = Release|Any CPU
		{6CF8785D-3D65-45CF-9A95-30057E1BBF82}.Debug|Any CPU.ActiveCfg = Debug|Any CPU
		{6CF8785D-3D65-45CF-9A95-30057E1BBF82}.Debug|Any CPU.Build.0 = Debug|Any CPU
		{6CF8785D-3D65-45CF-9A95-30057E1BBF82}.Release|Any CPU.ActiveCfg = Release|Any CPU
		{6CF8785D-3D65-45CF-9A95-30057E1BBF82}.Release|Any CPU.Build.0 = Release|Any CPU
		{D5683413-A7EB-4ADA-8D35-DB9C6733699F}.Debug|Any CPU.ActiveCfg = Debug|Any CPU
		{D5683413-A7EB-4ADA-8D35-DB9C6733699F}.Debug|Any CPU.Build.0 = Debug|Any CPU
		{D5683413-A7EB-4ADA-8D35-DB9C6733699F}.Release|Any CPU.ActiveCfg = Release|Any CPU
		{D5683413-A7EB-4ADA-8D35-DB9C6733699F}.Release|Any CPU.Build.0 = Release|Any CPU
		{267EBB85-7590-490A-9024-4D33797680EF}.Debug|Any CPU.ActiveCfg = Debug|Any CPU
		{267EBB85-7590-490A-9024-4D33797680EF}.Debug|Any CPU.Build.0 = Debug|Any CPU
		{267EBB85-7590-490A-9024-4D33797680EF}.Release|Any CPU.ActiveCfg = Release|Any CPU
		{267EBB85-7590-490A-9024-4D33797680EF}.Release|Any CPU.Build.0 = Release|Any CPU
		{78E2771F-4236-4696-AA43-DEBB2A3601E4}.Debug|Any CPU.ActiveCfg = Debug|Any CPU
		{78E2771F-4236-4696-AA43-DEBB2A3601E4}.Debug|Any CPU.Build.0 = Debug|Any CPU
		{78E2771F-4236-4696-AA43-DEBB2A3601E4}.Release|Any CPU.ActiveCfg = Release|Any CPU
		{78E2771F-4236-4696-AA43-DEBB2A3601E4}.Release|Any CPU.Build.0 = Release|Any CPU
		{C56D0663-73DC-4009-8DDC-1D8A50A9B20C}.Debug|Any CPU.ActiveCfg = Debug|Any CPU
		{C56D0663-73DC-4009-8DDC-1D8A50A9B20C}.Debug|Any CPU.Build.0 = Debug|Any CPU
		{C56D0663-73DC-4009-8DDC-1D8A50A9B20C}.Release|Any CPU.ActiveCfg = Release|Any CPU
		{C56D0663-73DC-4009-8DDC-1D8A50A9B20C}.Release|Any CPU.Build.0 = Release|Any CPU
		{F8BE8BB5-5851-4D44-A974-3ABC91F06831}.Debug|Any CPU.ActiveCfg = Debug|Any CPU
		{F8BE8BB5-5851-4D44-A974-3ABC91F06831}.Debug|Any CPU.Build.0 = Debug|Any CPU
		{F8BE8BB5-5851-4D44-A974-3ABC91F06831}.Release|Any CPU.ActiveCfg = Release|Any CPU
		{F8BE8BB5-5851-4D44-A974-3ABC91F06831}.Release|Any CPU.Build.0 = Release|Any CPU
		{402AD03D-6F45-4D99-A0DD-016D5450E4EE}.Debug|Any CPU.ActiveCfg = Debug|Any CPU
		{402AD03D-6F45-4D99-A0DD-016D5450E4EE}.Debug|Any CPU.Build.0 = Debug|Any CPU
		{402AD03D-6F45-4D99-A0DD-016D5450E4EE}.Release|Any CPU.ActiveCfg = Release|Any CPU
		{402AD03D-6F45-4D99-A0DD-016D5450E4EE}.Release|Any CPU.Build.0 = Release|Any CPU
		{0E6139E1-A072-43EB-995D-BD90B117EC7C}.Debug|Any CPU.ActiveCfg = Debug|Any CPU
		{0E6139E1-A072-43EB-995D-BD90B117EC7C}.Debug|Any CPU.Build.0 = Debug|Any CPU
		{0E6139E1-A072-43EB-995D-BD90B117EC7C}.Release|Any CPU.ActiveCfg = Release|Any CPU
		{0E6139E1-A072-43EB-995D-BD90B117EC7C}.Release|Any CPU.Build.0 = Release|Any CPU
	EndGlobalSection
	GlobalSection(SolutionProperties) = preSolution
		HideSolutionNode = FALSE
	EndGlobalSection
	GlobalSection(ExtensibilityGlobals) = postSolution
		SolutionGuid = {35EB43F3-B1F9-4A6B-B82C-3D9C5C45678E}
	EndGlobalSection
EndGlobal
