
Microsoft Visual Studio Solution File, Format Version 12.00
# Visual Studio Version 17
VisualStudioVersion = 17.0.31912.275
MinimumVisualStudioVersion = 10.0.40219.1
Project("{9A19103F-16F7-4668-BE54-9A1E7A4F7556}") = "SantasToolbox", "SantasToolbox\SantasToolbox.csproj", "{460D6357-486B-48A0-A952-A7015BFCB906}"
EndProject
Project("{9A19103F-16F7-4668-BE54-9A1E7A4F7556}") = "SantasToolBoxTests", "SantasToolBoxTests\SantasToolBoxTests.csproj", "{29B87691-90DB-41C8-9D19-4B8EE5D9741C}"
EndProject
Project("{9A19103F-16F7-4668-BE54-9A1E7A4F7556}") = "Day_Template", "Day_Template\Day_Template.csproj", "{5BDABAFF-024D-45D2-BEF1-82AA17850418}"
EndProject
Global
	GlobalSection(SolutionConfigurationPlatforms) = preSolution
		Debug|Any CPU = Debug|Any CPU
		Release|Any CPU = Release|Any CPU
	EndGlobalSection
	GlobalSection(ProjectConfigurationPlatforms) = postSolution
		{460D6357-486B-48A0-A952-A7015BFCB906}.Debug|Any CPU.ActiveCfg = Debug|Any CPU
		{460D6357-486B-48A0-A952-A7015BFCB906}.Debug|Any CPU.Build.0 = Debug|Any CPU
		{460D6357-486B-48A0-A952-A7015BFCB906}.Release|Any CPU.ActiveCfg = Release|Any CPU
		{460D6357-486B-48A0-A952-A7015BFCB906}.Release|Any CPU.Build.0 = Release|Any CPU
		{29B87691-90DB-41C8-9D19-4B8EE5D9741C}.Debug|Any CPU.ActiveCfg = Debug|Any CPU
		{29B87691-90DB-41C8-9D19-4B8EE5D9741C}.Debug|Any CPU.Build.0 = Debug|Any CPU
		{29B87691-90DB-41C8-9D19-4B8EE5D9741C}.Release|Any CPU.ActiveCfg = Release|Any CPU
		{29B87691-90DB-41C8-9D19-4B8EE5D9741C}.Release|Any CPU.Build.0 = Release|Any CPU
		{5BDABAFF-024D-45D2-BEF1-82AA17850418}.Debug|Any CPU.ActiveCfg = Debug|Any CPU
		{5BDABAFF-024D-45D2-BEF1-82AA17850418}.Debug|Any CPU.Build.0 = Debug|Any CPU
		{5BDABAFF-024D-45D2-BEF1-82AA17850418}.Release|Any CPU.ActiveCfg = Release|Any CPU
		{5BDABAFF-024D-45D2-BEF1-82AA17850418}.Release|Any CPU.Build.0 = Release|Any CPU
		{3B494E5D-2B6D-47DE-9067-E4491DB88662}.Debug|Any CPU.ActiveCfg = Debug|Any CPU
		{3B494E5D-2B6D-47DE-9067-E4491DB88662}.Debug|Any CPU.Build.0 = Debug|Any CPU
		{3B494E5D-2B6D-47DE-9067-E4491DB88662}.Release|Any CPU.ActiveCfg = Release|Any CPU
		{3B494E5D-2B6D-47DE-9067-E4491DB88662}.Release|Any CPU.Build.0 = Release|Any CPU
		{91AE4932-1548-4D89-8319-71089232678B}.Debug|Any CPU.ActiveCfg = Debug|Any CPU
		{91AE4932-1548-4D89-8319-71089232678B}.Debug|Any CPU.Build.0 = Debug|Any CPU
		{91AE4932-1548-4D89-8319-71089232678B}.Release|Any CPU.ActiveCfg = Release|Any CPU
		{91AE4932-1548-4D89-8319-71089232678B}.Release|Any CPU.Build.0 = Release|Any CPU
		{6CB85DB7-D859-4121-B844-C7B6D5C171B3}.Debug|Any CPU.ActiveCfg = Debug|Any CPU
		{6CB85DB7-D859-4121-B844-C7B6D5C171B3}.Debug|Any CPU.Build.0 = Debug|Any CPU
		{6CB85DB7-D859-4121-B844-C7B6D5C171B3}.Release|Any CPU.ActiveCfg = Release|Any CPU
		{6CB85DB7-D859-4121-B844-C7B6D5C171B3}.Release|Any CPU.Build.0 = Release|Any CPU
		{BE55F09A-6CD2-4479-9425-DFAA602E882F}.Debug|Any CPU.ActiveCfg = Debug|Any CPU
		{BE55F09A-6CD2-4479-9425-DFAA602E882F}.Debug|Any CPU.Build.0 = Debug|Any CPU
		{BE55F09A-6CD2-4479-9425-DFAA602E882F}.Release|Any CPU.ActiveCfg = Release|Any CPU
		{BE55F09A-6CD2-4479-9425-DFAA602E882F}.Release|Any CPU.Build.0 = Release|Any CPU
		{FF531965-44B4-4354-B252-80CB29C80C57}.Debug|Any CPU.ActiveCfg = Debug|Any CPU
		{FF531965-44B4-4354-B252-80CB29C80C57}.Debug|Any CPU.Build.0 = Debug|Any CPU
		{FF531965-44B4-4354-B252-80CB29C80C57}.Release|Any CPU.ActiveCfg = Release|Any CPU
		{FF531965-44B4-4354-B252-80CB29C80C57}.Release|Any CPU.Build.0 = Release|Any CPU
		{BF40BCA5-CA39-4DC9-9AEC-6D9749B3258E}.Debug|Any CPU.ActiveCfg = Debug|Any CPU
		{BF40BCA5-CA39-4DC9-9AEC-6D9749B3258E}.Debug|Any CPU.Build.0 = Debug|Any CPU
		{BF40BCA5-CA39-4DC9-9AEC-6D9749B3258E}.Release|Any CPU.ActiveCfg = Release|Any CPU
		{BF40BCA5-CA39-4DC9-9AEC-6D9749B3258E}.Release|Any CPU.Build.0 = Release|Any CPU
		{1405FF1B-1A94-4936-82CF-C0E0DD4F4F71}.Debug|Any CPU.ActiveCfg = Debug|Any CPU
		{1405FF1B-1A94-4936-82CF-C0E0DD4F4F71}.Debug|Any CPU.Build.0 = Debug|Any CPU
		{1405FF1B-1A94-4936-82CF-C0E0DD4F4F71}.Release|Any CPU.ActiveCfg = Release|Any CPU
		{1405FF1B-1A94-4936-82CF-C0E0DD4F4F71}.Release|Any CPU.Build.0 = Release|Any CPU
		{5FC9ADD3-ABCD-4352-9E7C-932B0FE9F649}.Debug|Any CPU.ActiveCfg = Debug|Any CPU
		{5FC9ADD3-ABCD-4352-9E7C-932B0FE9F649}.Debug|Any CPU.Build.0 = Debug|Any CPU
		{5FC9ADD3-ABCD-4352-9E7C-932B0FE9F649}.Release|Any CPU.ActiveCfg = Release|Any CPU
		{5FC9ADD3-ABCD-4352-9E7C-932B0FE9F649}.Release|Any CPU.Build.0 = Release|Any CPU
		{223CEADF-0E04-410D-906F-B235A89462FC}.Debug|Any CPU.ActiveCfg = Debug|Any CPU
		{223CEADF-0E04-410D-906F-B235A89462FC}.Debug|Any CPU.Build.0 = Debug|Any CPU
		{223CEADF-0E04-410D-906F-B235A89462FC}.Release|Any CPU.ActiveCfg = Release|Any CPU
		{223CEADF-0E04-410D-906F-B235A89462FC}.Release|Any CPU.Build.0 = Release|Any CPU
		{FF4E1C64-A7CF-43AC-B671-5B55BC5E2F2D}.Debug|Any CPU.ActiveCfg = Debug|Any CPU
		{FF4E1C64-A7CF-43AC-B671-5B55BC5E2F2D}.Debug|Any CPU.Build.0 = Debug|Any CPU
		{FF4E1C64-A7CF-43AC-B671-5B55BC5E2F2D}.Release|Any CPU.ActiveCfg = Release|Any CPU
		{FF4E1C64-A7CF-43AC-B671-5B55BC5E2F2D}.Release|Any CPU.Build.0 = Release|Any CPU
		{94ED6A18-F81B-4734-A56D-7D6B4C81D9A9}.Debug|Any CPU.ActiveCfg = Debug|Any CPU
		{94ED6A18-F81B-4734-A56D-7D6B4C81D9A9}.Debug|Any CPU.Build.0 = Debug|Any CPU
		{94ED6A18-F81B-4734-A56D-7D6B4C81D9A9}.Release|Any CPU.ActiveCfg = Release|Any CPU
		{94ED6A18-F81B-4734-A56D-7D6B4C81D9A9}.Release|Any CPU.Build.0 = Release|Any CPU
		{A0A58B02-1A2E-452A-98D2-E6D616AFAB05}.Debug|Any CPU.ActiveCfg = Debug|Any CPU
		{A0A58B02-1A2E-452A-98D2-E6D616AFAB05}.Debug|Any CPU.Build.0 = Debug|Any CPU
		{A0A58B02-1A2E-452A-98D2-E6D616AFAB05}.Release|Any CPU.ActiveCfg = Release|Any CPU
		{A0A58B02-1A2E-452A-98D2-E6D616AFAB05}.Release|Any CPU.Build.0 = Release|Any CPU
		{01415628-DD9E-4158-BCC7-D36EA1713443}.Debug|Any CPU.ActiveCfg = Debug|Any CPU
		{01415628-DD9E-4158-BCC7-D36EA1713443}.Debug|Any CPU.Build.0 = Debug|Any CPU
		{01415628-DD9E-4158-BCC7-D36EA1713443}.Release|Any CPU.ActiveCfg = Release|Any CPU
		{01415628-DD9E-4158-BCC7-D36EA1713443}.Release|Any CPU.Build.0 = Release|Any CPU
		{4460E4F8-BC80-4F79-99E0-85F59F05BB65}.Debug|Any CPU.ActiveCfg = Debug|Any CPU
		{4460E4F8-BC80-4F79-99E0-85F59F05BB65}.Debug|Any CPU.Build.0 = Debug|Any CPU
		{4460E4F8-BC80-4F79-99E0-85F59F05BB65}.Release|Any CPU.ActiveCfg = Release|Any CPU
		{4460E4F8-BC80-4F79-99E0-85F59F05BB65}.Release|Any CPU.Build.0 = Release|Any CPU
		{AAF3B5B5-6391-4DB1-9EC6-236534285AF4}.Debug|Any CPU.ActiveCfg = Debug|Any CPU
		{AAF3B5B5-6391-4DB1-9EC6-236534285AF4}.Debug|Any CPU.Build.0 = Debug|Any CPU
		{AAF3B5B5-6391-4DB1-9EC6-236534285AF4}.Release|Any CPU.ActiveCfg = Release|Any CPU
		{AAF3B5B5-6391-4DB1-9EC6-236534285AF4}.Release|Any CPU.Build.0 = Release|Any CPU
		{03CAA2F4-DAFA-42DC-8460-77F50771BB0C}.Debug|Any CPU.ActiveCfg = Debug|Any CPU
		{03CAA2F4-DAFA-42DC-8460-77F50771BB0C}.Debug|Any CPU.Build.0 = Debug|Any CPU
		{03CAA2F4-DAFA-42DC-8460-77F50771BB0C}.Release|Any CPU.ActiveCfg = Release|Any CPU
		{03CAA2F4-DAFA-42DC-8460-77F50771BB0C}.Release|Any CPU.Build.0 = Release|Any CPU
		{0D35A5ED-C2DE-46FE-87D5-9E50EF876CE0}.Debug|Any CPU.ActiveCfg = Debug|Any CPU
		{0D35A5ED-C2DE-46FE-87D5-9E50EF876CE0}.Debug|Any CPU.Build.0 = Debug|Any CPU
		{0D35A5ED-C2DE-46FE-87D5-9E50EF876CE0}.Release|Any CPU.ActiveCfg = Release|Any CPU
		{0D35A5ED-C2DE-46FE-87D5-9E50EF876CE0}.Release|Any CPU.Build.0 = Release|Any CPU
		{6F11D1A8-14EA-4F7C-BE75-BEFB354A5CDA}.Debug|Any CPU.ActiveCfg = Debug|Any CPU
		{6F11D1A8-14EA-4F7C-BE75-BEFB354A5CDA}.Debug|Any CPU.Build.0 = Debug|Any CPU
		{6F11D1A8-14EA-4F7C-BE75-BEFB354A5CDA}.Release|Any CPU.ActiveCfg = Release|Any CPU
		{6F11D1A8-14EA-4F7C-BE75-BEFB354A5CDA}.Release|Any CPU.Build.0 = Release|Any CPU
		{6A747CE2-C1AE-4F3B-9FDB-C4B4815546A0}.Debug|Any CPU.ActiveCfg = Debug|Any CPU
		{6A747CE2-C1AE-4F3B-9FDB-C4B4815546A0}.Debug|Any CPU.Build.0 = Debug|Any CPU
		{6A747CE2-C1AE-4F3B-9FDB-C4B4815546A0}.Release|Any CPU.ActiveCfg = Release|Any CPU
		{6A747CE2-C1AE-4F3B-9FDB-C4B4815546A0}.Release|Any CPU.Build.0 = Release|Any CPU
		{3548B170-25F7-459A-AA12-4BC029C4EDC6}.Debug|Any CPU.ActiveCfg = Debug|Any CPU
		{3548B170-25F7-459A-AA12-4BC029C4EDC6}.Debug|Any CPU.Build.0 = Debug|Any CPU
		{3548B170-25F7-459A-AA12-4BC029C4EDC6}.Release|Any CPU.ActiveCfg = Release|Any CPU
		{3548B170-25F7-459A-AA12-4BC029C4EDC6}.Release|Any CPU.Build.0 = Release|Any CPU
		{AF873174-D340-4C16-AE36-8EB717835A5B}.Debug|Any CPU.ActiveCfg = Debug|Any CPU
		{AF873174-D340-4C16-AE36-8EB717835A5B}.Debug|Any CPU.Build.0 = Debug|Any CPU
		{AF873174-D340-4C16-AE36-8EB717835A5B}.Release|Any CPU.ActiveCfg = Release|Any CPU
		{AF873174-D340-4C16-AE36-8EB717835A5B}.Release|Any CPU.Build.0 = Release|Any CPU
		{5699F530-DB83-4EEC-9FD7-839C27F655A7}.Debug|Any CPU.ActiveCfg = Debug|Any CPU
		{5699F530-DB83-4EEC-9FD7-839C27F655A7}.Debug|Any CPU.Build.0 = Debug|Any CPU
		{5699F530-DB83-4EEC-9FD7-839C27F655A7}.Release|Any CPU.ActiveCfg = Release|Any CPU
		{5699F530-DB83-4EEC-9FD7-839C27F655A7}.Release|Any CPU.Build.0 = Release|Any CPU
		{AEFC7C29-3CAF-4E57-B87D-6FD9F8DFB2CD}.Debug|Any CPU.ActiveCfg = Debug|Any CPU
		{AEFC7C29-3CAF-4E57-B87D-6FD9F8DFB2CD}.Debug|Any CPU.Build.0 = Debug|Any CPU
		{AEFC7C29-3CAF-4E57-B87D-6FD9F8DFB2CD}.Release|Any CPU.ActiveCfg = Release|Any CPU
		{AEFC7C29-3CAF-4E57-B87D-6FD9F8DFB2CD}.Release|Any CPU.Build.0 = Release|Any CPU
		{3860775C-CB22-425C-BF40-E204DE3992B0}.Debug|Any CPU.ActiveCfg = Debug|Any CPU
		{3860775C-CB22-425C-BF40-E204DE3992B0}.Debug|Any CPU.Build.0 = Debug|Any CPU
		{3860775C-CB22-425C-BF40-E204DE3992B0}.Release|Any CPU.ActiveCfg = Release|Any CPU
		{3860775C-CB22-425C-BF40-E204DE3992B0}.Release|Any CPU.Build.0 = Release|Any CPU
		{A67FFBD5-D66D-4509-9EC5-B97A34F29CE8}.Debug|Any CPU.ActiveCfg = Debug|Any CPU
		{A67FFBD5-D66D-4509-9EC5-B97A34F29CE8}.Debug|Any CPU.Build.0 = Debug|Any CPU
		{A67FFBD5-D66D-4509-9EC5-B97A34F29CE8}.Release|Any CPU.ActiveCfg = Release|Any CPU
		{A67FFBD5-D66D-4509-9EC5-B97A34F29CE8}.Release|Any CPU.Build.0 = Release|Any CPU
	EndGlobalSection
	GlobalSection(SolutionProperties) = preSolution
		HideSolutionNode = FALSE
	EndGlobalSection
	GlobalSection(ExtensibilityGlobals) = postSolution
		SolutionGuid = {35EB43F3-B1F9-4A6B-B82C-3D9C5C45678E}
	EndGlobalSection
EndGlobal
